// !$*UTF8*$!
{
	archiveVersion = 1;
	classes = {
	};
	objectVersion = 55;
	objects = {

/* Begin PBXBuildFile section */
		BF0B57DC28D05BE9005A090B /* BaseView.swift in Sources */ = {isa = PBXBuildFile; fileRef = BF0B57DB28D05BE9005A090B /* BaseView.swift */; };
		BF0B57DE28D05C38005A090B /* BaseTableViewCell.swift in Sources */ = {isa = PBXBuildFile; fileRef = BF0B57DD28D05C38005A090B /* BaseTableViewCell.swift */; };
		BF0B57E128D05F9C005A090B /* SnapKit in Frameworks */ = {isa = PBXBuildFile; productRef = BF0B57E028D05F9C005A090B /* SnapKit */; };
		BF1A6AE628DE7BEE0094EA6D /* Template.swift in Sources */ = {isa = PBXBuildFile; fileRef = BF1A6AE528DE7BEE0094EA6D /* Template.swift */; };
		BF1A6AEA28DE93E20094EA6D /* EmptyCell.swift in Sources */ = {isa = PBXBuildFile; fileRef = BF1A6AE928DE93E20094EA6D /* EmptyCell.swift */; };
		BF1A6AEC28DE96720094EA6D /* TemplateListViewController.swift in Sources */ = {isa = PBXBuildFile; fileRef = BF1A6AEB28DE96720094EA6D /* TemplateListViewController.swift */; };
		BF1A6AEE28DE985A0094EA6D /* TemplateListTableCell.swift in Sources */ = {isa = PBXBuildFile; fileRef = BF1A6AED28DE985A0094EA6D /* TemplateListTableCell.swift */; };
		BF1A6AF128DEBF480094EA6D /* IQKeyboardManagerSwift in Frameworks */ = {isa = PBXBuildFile; productRef = BF1A6AF028DEBF480094EA6D /* IQKeyboardManagerSwift */; };
		BF1E010528E008E1006D27E5 /* CheckListTableCell.swift in Sources */ = {isa = PBXBuildFile; fileRef = BF1E010428E008E1006D27E5 /* CheckListTableCell.swift */; };
		BF1E010728E00F98006D27E5 /* String+Extension.swift in Sources */ = {isa = PBXBuildFile; fileRef = BF1E010628E00F98006D27E5 /* String+Extension.swift */; };
		BF27397C28D3476500441B7F /* UIColor+Extension.swift in Sources */ = {isa = PBXBuildFile; fileRef = BF27397B28D3476500441B7F /* UIColor+Extension.swift */; };
		BF497FA028D9E194007D1527 /* Toast in Frameworks */ = {isa = PBXBuildFile; productRef = BF497F9F28D9E194007D1527 /* Toast */; };
		BF55056728DC80F200DF978E /* CheckListViewController.swift in Sources */ = {isa = PBXBuildFile; fileRef = BF55056628DC80F200DF978E /* CheckListViewController.swift */; };
		BF55056928DC854F00DF978E /* CkeckListHeaderView.swift in Sources */ = {isa = PBXBuildFile; fileRef = BF55056828DC854F00DF978E /* CkeckListHeaderView.swift */; };
		BF5E552528E3B2DB0050594D /* NotificationViewController.swift in Sources */ = {isa = PBXBuildFile; fileRef = BF5E552428E3B2DB0050594D /* NotificationViewController.swift */; };
		BF5E552728E4344F0050594D /* NotiTableViewCell.swift in Sources */ = {isa = PBXBuildFile; fileRef = BF5E552628E4344F0050594D /* NotiTableViewCell.swift */; };
		BF5E552928E46B9A0050594D /* NotiEnum.swift in Sources */ = {isa = PBXBuildFile; fileRef = BF5E552828E46B9A0050594D /* NotiEnum.swift */; };
		BF70765828D6F2DA003506C0 /* MonthlyTableViewHeaderView.swift in Sources */ = {isa = PBXBuildFile; fileRef = BF70765728D6F2DA003506C0 /* MonthlyTableViewHeaderView.swift */; };
		BF7C140D28D1B60B00DF1EEE /* Date+Extension.swift in Sources */ = {isa = PBXBuildFile; fileRef = BF7C140C28D1B60B00DF1EEE /* Date+Extension.swift */; };
		BF7C141128D1F8A100DF1EEE /* MonthlyTableViewCell.swift in Sources */ = {isa = PBXBuildFile; fileRef = BF7C141028D1F8A100DF1EEE /* MonthlyTableViewCell.swift */; };
		BF8DE754298CE3E9000D7D64 /* CGColor+Extension.swift in Sources */ = {isa = PBXBuildFile; fileRef = BF8DE753298CE3E9000D7D64 /* CGColor+Extension.swift */; };
		BFB1052728D3153200D24376 /* Event.swift in Sources */ = {isa = PBXBuildFile; fileRef = BFB1052628D3153200D24376 /* Event.swift */; };
		BFB1052928D31B8F00D24376 /* Todo.swift in Sources */ = {isa = PBXBuildFile; fileRef = BFB1052828D31B8F00D24376 /* Todo.swift */; };
		BFB64C6E28E6D51C00E56CE4 /* EmptyView.swift in Sources */ = {isa = PBXBuildFile; fileRef = BFB64C6D28E6D51C00E56CE4 /* EmptyView.swift */; };
		BFC8110728D55D7100BB0011 /* ReusableProtocol.swift in Sources */ = {isa = PBXBuildFile; fileRef = BFC8110628D55D7100BB0011 /* ReusableProtocol.swift */; };
		BFDDC99828D0572D0047F22E /* AppDelegate.swift in Sources */ = {isa = PBXBuildFile; fileRef = BFDDC99728D0572D0047F22E /* AppDelegate.swift */; };
		BFDDC99A28D0572D0047F22E /* SceneDelegate.swift in Sources */ = {isa = PBXBuildFile; fileRef = BFDDC99928D0572D0047F22E /* SceneDelegate.swift */; };
		BFDDC99C28D0572D0047F22E /* ViewController.swift in Sources */ = {isa = PBXBuildFile; fileRef = BFDDC99B28D0572D0047F22E /* ViewController.swift */; };
		BFDDC9A128D057300047F22E /* Assets.xcassets in Resources */ = {isa = PBXBuildFile; fileRef = BFDDC9A028D057300047F22E /* Assets.xcassets */; };
		BFDDC9A428D057300047F22E /* LaunchScreen.storyboard in Resources */ = {isa = PBXBuildFile; fileRef = BFDDC9A228D057300047F22E /* LaunchScreen.storyboard */; };
		BFDDC9AD28D058950047F22E /* FSCalendar in Frameworks */ = {isa = PBXBuildFile; productRef = BFDDC9AC28D058950047F22E /* FSCalendar */; };
		BFDDC9B028D059350047F22E /* Realm in Frameworks */ = {isa = PBXBuildFile; productRef = BFDDC9AF28D059350047F22E /* Realm */; };
		BFDDC9B228D059350047F22E /* RealmSwift in Frameworks */ = {isa = PBXBuildFile; productRef = BFDDC9B128D059350047F22E /* RealmSwift */; };
		BFDDC9B528D059BC0047F22E /* MonthlyViewController.swift in Sources */ = {isa = PBXBuildFile; fileRef = BFDDC9B428D059BC0047F22E /* MonthlyViewController.swift */; };
		BFDDC9B728D05A3C0047F22E /* MonthlyView.swift in Sources */ = {isa = PBXBuildFile; fileRef = BFDDC9B628D05A3C0047F22E /* MonthlyView.swift */; };
		BFDDC9BB28D05B380047F22E /* BaseViewController.swift in Sources */ = {isa = PBXBuildFile; fileRef = BFDDC9BA28D05B380047F22E /* BaseViewController.swift */; };
		BFE9DF8628E7F242002684D0 /* Zip in Frameworks */ = {isa = PBXBuildFile; productRef = BFE9DF8528E7F242002684D0 /* Zip */; };
		BFEA3A3328D7DC1200003E81 /* CheckListTableViewCell.swift in Sources */ = {isa = PBXBuildFile; fileRef = BFEA3A3228D7DC1200003E81 /* CheckListTableViewCell.swift */; };
		BFEA3A3528D852F500003E81 /* EventRepository.swift in Sources */ = {isa = PBXBuildFile; fileRef = BFEA3A3428D852F500003E81 /* EventRepository.swift */; };
		BFEA3A3828D8579B00003E81 /* DateFormEnum.swift in Sources */ = {isa = PBXBuildFile; fileRef = BFEA3A3728D8579B00003E81 /* DateFormEnum.swift */; };
		BFF02C5B28D44D1200F0D6AA /* WriteViewController.swift in Sources */ = {isa = PBXBuildFile; fileRef = BFF02C5A28D44D1200F0D6AA /* WriteViewController.swift */; };
		BFF02C5D28D45CBC00F0D6AA /* WriteView.swift in Sources */ = {isa = PBXBuildFile; fileRef = BFF02C5C28D45CBC00F0D6AA /* WriteView.swift */; };
		BFF02C5F28D462B900F0D6AA /* TitleTableViewCell.swift in Sources */ = {isa = PBXBuildFile; fileRef = BFF02C5E28D462B900F0D6AA /* TitleTableViewCell.swift */; };
		BFF02C6128D4633C00F0D6AA /* DateTableViewCell.swift in Sources */ = {isa = PBXBuildFile; fileRef = BFF02C6028D4633C00F0D6AA /* DateTableViewCell.swift */; };
		BFF02C6328D4635800F0D6AA /* TodoTableViewCell.swift in Sources */ = {isa = PBXBuildFile; fileRef = BFF02C6228D4635800F0D6AA /* TodoTableViewCell.swift */; };
		BFF236A928DED4BB0057FCF7 /* UIImage+Extension.swift in Sources */ = {isa = PBXBuildFile; fileRef = BFF236A828DED4BB0057FCF7 /* UIImage+Extension.swift */; };
		BFFA945328E55CA200D73AFD /* SettingViewController.swift in Sources */ = {isa = PBXBuildFile; fileRef = BFFA945228E55CA200D73AFD /* SettingViewController.swift */; };
		BFFA945628E571AD00D73AFD /* AcknowList in Frameworks */ = {isa = PBXBuildFile; productRef = BFFA945528E571AD00D73AFD /* AcknowList */; };
		BFFA945828E5759400D73AFD /* Package.resolved in Resources */ = {isa = PBXBuildFile; fileRef = BFFA945728E5759400D73AFD /* Package.resolved */; };
		BFFDE20228D34BC000090E8A /* MonthlyCollectionViewCell.swift in Sources */ = {isa = PBXBuildFile; fileRef = BFFDE20128D34BC000090E8A /* MonthlyCollectionViewCell.swift */; };
		BFFDE20728D3658C00090E8A /* BaseCollectionViewCell.swift in Sources */ = {isa = PBXBuildFile; fileRef = BFFDE20628D3658C00090E8A /* BaseCollectionViewCell.swift */; };
/* End PBXBuildFile section */

/* Begin PBXFileReference section */
		BF0B57DB28D05BE9005A090B /* BaseView.swift */ = {isa = PBXFileReference; lastKnownFileType = sourcecode.swift; path = BaseView.swift; sourceTree = "<group>"; };
		BF0B57DD28D05C38005A090B /* BaseTableViewCell.swift */ = {isa = PBXFileReference; lastKnownFileType = sourcecode.swift; path = BaseTableViewCell.swift; sourceTree = "<group>"; };
		BF1A6AE528DE7BEE0094EA6D /* Template.swift */ = {isa = PBXFileReference; lastKnownFileType = sourcecode.swift; path = Template.swift; sourceTree = "<group>"; };
		BF1A6AE928DE93E20094EA6D /* EmptyCell.swift */ = {isa = PBXFileReference; lastKnownFileType = sourcecode.swift; path = EmptyCell.swift; sourceTree = "<group>"; };
		BF1A6AEB28DE96720094EA6D /* TemplateListViewController.swift */ = {isa = PBXFileReference; lastKnownFileType = sourcecode.swift; path = TemplateListViewController.swift; sourceTree = "<group>"; };
		BF1A6AED28DE985A0094EA6D /* TemplateListTableCell.swift */ = {isa = PBXFileReference; lastKnownFileType = sourcecode.swift; path = TemplateListTableCell.swift; sourceTree = "<group>"; };
		BF1E010428E008E1006D27E5 /* CheckListTableCell.swift */ = {isa = PBXFileReference; lastKnownFileType = sourcecode.swift; path = CheckListTableCell.swift; sourceTree = "<group>"; };
		BF1E010628E00F98006D27E5 /* String+Extension.swift */ = {isa = PBXFileReference; lastKnownFileType = sourcecode.swift; path = "String+Extension.swift"; sourceTree = "<group>"; };
		BF27397B28D3476500441B7F /* UIColor+Extension.swift */ = {isa = PBXFileReference; lastKnownFileType = sourcecode.swift; path = "UIColor+Extension.swift"; sourceTree = "<group>"; };
		BF55056628DC80F200DF978E /* CheckListViewController.swift */ = {isa = PBXFileReference; lastKnownFileType = sourcecode.swift; path = CheckListViewController.swift; sourceTree = "<group>"; };
		BF55056828DC854F00DF978E /* CkeckListHeaderView.swift */ = {isa = PBXFileReference; lastKnownFileType = sourcecode.swift; path = CkeckListHeaderView.swift; sourceTree = "<group>"; };
		BF5E552428E3B2DB0050594D /* NotificationViewController.swift */ = {isa = PBXFileReference; lastKnownFileType = sourcecode.swift; path = NotificationViewController.swift; sourceTree = "<group>"; };
		BF5E552628E4344F0050594D /* NotiTableViewCell.swift */ = {isa = PBXFileReference; lastKnownFileType = sourcecode.swift; path = NotiTableViewCell.swift; sourceTree = "<group>"; };
		BF5E552828E46B9A0050594D /* NotiEnum.swift */ = {isa = PBXFileReference; lastKnownFileType = sourcecode.swift; path = NotiEnum.swift; sourceTree = "<group>"; };
		BF70765728D6F2DA003506C0 /* MonthlyTableViewHeaderView.swift */ = {isa = PBXFileReference; lastKnownFileType = sourcecode.swift; path = MonthlyTableViewHeaderView.swift; sourceTree = "<group>"; };
		BF7C140C28D1B60B00DF1EEE /* Date+Extension.swift */ = {isa = PBXFileReference; lastKnownFileType = sourcecode.swift; path = "Date+Extension.swift"; sourceTree = "<group>"; };
		BF7C141028D1F8A100DF1EEE /* MonthlyTableViewCell.swift */ = {isa = PBXFileReference; lastKnownFileType = sourcecode.swift; path = MonthlyTableViewCell.swift; sourceTree = "<group>"; };
		BF7C141228D1FA9000DF1EEE /* README.md */ = {isa = PBXFileReference; lastKnownFileType = net.daringfireball.markdown; path = README.md; sourceTree = "<group>"; };
		BF8DE753298CE3E9000D7D64 /* CGColor+Extension.swift */ = {isa = PBXFileReference; lastKnownFileType = sourcecode.swift; path = "CGColor+Extension.swift"; sourceTree = "<group>"; };
		BFB1052628D3153200D24376 /* Event.swift */ = {isa = PBXFileReference; lastKnownFileType = sourcecode.swift; path = Event.swift; sourceTree = "<group>"; };
		BFB1052828D31B8F00D24376 /* Todo.swift */ = {isa = PBXFileReference; lastKnownFileType = sourcecode.swift; path = Todo.swift; sourceTree = "<group>"; };
		BFB64C6D28E6D51C00E56CE4 /* EmptyView.swift */ = {isa = PBXFileReference; lastKnownFileType = sourcecode.swift; path = EmptyView.swift; sourceTree = "<group>"; };
		BFC8110628D55D7100BB0011 /* ReusableProtocol.swift */ = {isa = PBXFileReference; lastKnownFileType = sourcecode.swift; path = ReusableProtocol.swift; sourceTree = "<group>"; };
		BFDDC99428D0572D0047F22E /* Checklist_Calendar.app */ = {isa = PBXFileReference; explicitFileType = wrapper.application; includeInIndex = 0; path = Checklist_Calendar.app; sourceTree = BUILT_PRODUCTS_DIR; };
		BFDDC99728D0572D0047F22E /* AppDelegate.swift */ = {isa = PBXFileReference; lastKnownFileType = sourcecode.swift; path = AppDelegate.swift; sourceTree = "<group>"; };
		BFDDC99928D0572D0047F22E /* SceneDelegate.swift */ = {isa = PBXFileReference; lastKnownFileType = sourcecode.swift; path = SceneDelegate.swift; sourceTree = "<group>"; };
		BFDDC99B28D0572D0047F22E /* ViewController.swift */ = {isa = PBXFileReference; lastKnownFileType = sourcecode.swift; path = ViewController.swift; sourceTree = "<group>"; };
		BFDDC9A028D057300047F22E /* Assets.xcassets */ = {isa = PBXFileReference; lastKnownFileType = folder.assetcatalog; path = Assets.xcassets; sourceTree = "<group>"; };
		BFDDC9A328D057300047F22E /* Base */ = {isa = PBXFileReference; lastKnownFileType = file.storyboard; name = Base; path = Base.lproj/LaunchScreen.storyboard; sourceTree = "<group>"; };
		BFDDC9A528D057300047F22E /* Info.plist */ = {isa = PBXFileReference; lastKnownFileType = text.plist.xml; path = Info.plist; sourceTree = "<group>"; };
		BFDDC9B428D059BC0047F22E /* MonthlyViewController.swift */ = {isa = PBXFileReference; lastKnownFileType = sourcecode.swift; path = MonthlyViewController.swift; sourceTree = "<group>"; };
		BFDDC9B628D05A3C0047F22E /* MonthlyView.swift */ = {isa = PBXFileReference; lastKnownFileType = sourcecode.swift; path = MonthlyView.swift; sourceTree = "<group>"; };
		BFDDC9BA28D05B380047F22E /* BaseViewController.swift */ = {isa = PBXFileReference; lastKnownFileType = sourcecode.swift; path = BaseViewController.swift; sourceTree = "<group>"; };
		BFEA3A3228D7DC1200003E81 /* CheckListTableViewCell.swift */ = {isa = PBXFileReference; lastKnownFileType = sourcecode.swift; path = CheckListTableViewCell.swift; sourceTree = "<group>"; };
		BFEA3A3428D852F500003E81 /* EventRepository.swift */ = {isa = PBXFileReference; lastKnownFileType = sourcecode.swift; path = EventRepository.swift; sourceTree = "<group>"; };
		BFEA3A3728D8579B00003E81 /* DateFormEnum.swift */ = {isa = PBXFileReference; lastKnownFileType = sourcecode.swift; path = DateFormEnum.swift; sourceTree = "<group>"; };
		BFF02C5828D3F3A500F0D6AA /* .gitignore.exp */ = {isa = PBXFileReference; lastKnownFileType = sourcecode.exports; path = .gitignore.exp; sourceTree = "<group>"; };
		BFF02C5A28D44D1200F0D6AA /* WriteViewController.swift */ = {isa = PBXFileReference; lastKnownFileType = sourcecode.swift; path = WriteViewController.swift; sourceTree = "<group>"; };
		BFF02C5C28D45CBC00F0D6AA /* WriteView.swift */ = {isa = PBXFileReference; lastKnownFileType = sourcecode.swift; path = WriteView.swift; sourceTree = "<group>"; };
		BFF02C5E28D462B900F0D6AA /* TitleTableViewCell.swift */ = {isa = PBXFileReference; lastKnownFileType = sourcecode.swift; path = TitleTableViewCell.swift; sourceTree = "<group>"; };
		BFF02C6028D4633C00F0D6AA /* DateTableViewCell.swift */ = {isa = PBXFileReference; lastKnownFileType = sourcecode.swift; path = DateTableViewCell.swift; sourceTree = "<group>"; };
		BFF02C6228D4635800F0D6AA /* TodoTableViewCell.swift */ = {isa = PBXFileReference; lastKnownFileType = sourcecode.swift; path = TodoTableViewCell.swift; sourceTree = "<group>"; };
		BFF236A828DED4BB0057FCF7 /* UIImage+Extension.swift */ = {isa = PBXFileReference; lastKnownFileType = sourcecode.swift; path = "UIImage+Extension.swift"; sourceTree = "<group>"; };
		BFFA945228E55CA200D73AFD /* SettingViewController.swift */ = {isa = PBXFileReference; lastKnownFileType = sourcecode.swift; path = SettingViewController.swift; sourceTree = "<group>"; };
		BFFA945728E5759400D73AFD /* Package.resolved */ = {isa = PBXFileReference; lastKnownFileType = text; name = Package.resolved; path = Checklist_Calendar.xcodeproj/project.xcworkspace/xcshareddata/swiftpm/Package.resolved; sourceTree = SOURCE_ROOT; };
		BFFDE20128D34BC000090E8A /* MonthlyCollectionViewCell.swift */ = {isa = PBXFileReference; lastKnownFileType = sourcecode.swift; path = MonthlyCollectionViewCell.swift; sourceTree = "<group>"; };
		BFFDE20628D3658C00090E8A /* BaseCollectionViewCell.swift */ = {isa = PBXFileReference; lastKnownFileType = sourcecode.swift; path = BaseCollectionViewCell.swift; sourceTree = "<group>"; };
/* End PBXFileReference section */

/* Begin PBXFrameworksBuildPhase section */
		BFDDC99128D0572D0047F22E /* Frameworks */ = {
			isa = PBXFrameworksBuildPhase;
			buildActionMask = 2147483647;
			files = (
				BFDDC9B228D059350047F22E /* RealmSwift in Frameworks */,
				BF0B57E128D05F9C005A090B /* SnapKit in Frameworks */,
				BFDDC9B028D059350047F22E /* Realm in Frameworks */,
				BF497FA028D9E194007D1527 /* Toast in Frameworks */,
				BFDDC9AD28D058950047F22E /* FSCalendar in Frameworks */,
				BFFA945628E571AD00D73AFD /* AcknowList in Frameworks */,
				BFE9DF8628E7F242002684D0 /* Zip in Frameworks */,
				BF1A6AF128DEBF480094EA6D /* IQKeyboardManagerSwift in Frameworks */,
			);
			runOnlyForDeploymentPostprocessing = 0;
		};
/* End PBXFrameworksBuildPhase section */

/* Begin PBXGroup section */
		BF1A6AE728DE7DC90094EA6D /* TemplateList */ = {
			isa = PBXGroup;
			children = (
				BF1A6AEB28DE96720094EA6D /* TemplateListViewController.swift */,
				BF1A6AED28DE985A0094EA6D /* TemplateListTableCell.swift */,
			);
			path = TemplateList;
			sourceTree = "<group>";
		};
		BF1A6AE828DE938E0094EA6D /* Common */ = {
			isa = PBXGroup;
			children = (
				BF1A6AE928DE93E20094EA6D /* EmptyCell.swift */,
				BFB64C6D28E6D51C00E56CE4 /* EmptyView.swift */,
			);
			path = Common;
			sourceTree = "<group>";
		};
		BF55056528DC80B100DF978E /* CheckList */ = {
			isa = PBXGroup;
			children = (
				BF55056628DC80F200DF978E /* CheckListViewController.swift */,
				BF1E010428E008E1006D27E5 /* CheckListTableCell.swift */,
				BF55056828DC854F00DF978E /* CkeckListHeaderView.swift */,
			);
			path = CheckList;
			sourceTree = "<group>";
		};
		BF5E552328E3B2B30050594D /* Notification */ = {
			isa = PBXGroup;
			children = (
				BF5E552428E3B2DB0050594D /* NotificationViewController.swift */,
			);
			path = Notification;
			sourceTree = "<group>";
		};
		BF7C140B28D1B5D900DF1EEE /* Extension */ = {
			isa = PBXGroup;
			children = (
				BF7C140C28D1B60B00DF1EEE /* Date+Extension.swift */,
				BF27397B28D3476500441B7F /* UIColor+Extension.swift */,
				BF8DE753298CE3E9000D7D64 /* CGColor+Extension.swift */,
				BFF236A828DED4BB0057FCF7 /* UIImage+Extension.swift */,
				BF1E010628E00F98006D27E5 /* String+Extension.swift */,
			);
			path = Extension;
			sourceTree = "<group>";
		};
		BFB1052528D314C300D24376 /* Realm */ = {
			isa = PBXGroup;
			children = (
				BFB1052628D3153200D24376 /* Event.swift */,
				BFB1052828D31B8F00D24376 /* Todo.swift */,
				BF1A6AE528DE7BEE0094EA6D /* Template.swift */,
				BFEA3A3428D852F500003E81 /* EventRepository.swift */,
			);
			path = Realm;
			sourceTree = "<group>";
		};
		BFDDC98B28D0572D0047F22E = {
			isa = PBXGroup;
			children = (
				BFF02C5828D3F3A500F0D6AA /* .gitignore.exp */,
				BF7C141228D1FA9000DF1EEE /* README.md */,
				BFDDC99628D0572D0047F22E /* Checklist_Calendar */,
				BFDDC99528D0572D0047F22E /* Products */,
			);
			sourceTree = "<group>";
		};
		BFDDC99528D0572D0047F22E /* Products */ = {
			isa = PBXGroup;
			children = (
				BFDDC99428D0572D0047F22E /* Checklist_Calendar.app */,
			);
			name = Products;
			sourceTree = "<group>";
		};
		BFDDC99628D0572D0047F22E /* Checklist_Calendar */ = {
			isa = PBXGroup;
			children = (
				BFFA945728E5759400D73AFD /* Package.resolved */,
				BFEA3A3628D8576D00003E81 /* Enum */,
				BFB1052528D314C300D24376 /* Realm */,
				BF7C140B28D1B5D900DF1EEE /* Extension */,
				BFDDC9B828D05A5E0047F22E /* Utility */,
				BFDDC9B328D059860047F22E /* Home */,
				BFF02C5928D44CE200F0D6AA /* Write */,
				BF5E552328E3B2B30050594D /* Notification */,
				BF55056528DC80B100DF978E /* CheckList */,
				BF1A6AE728DE7DC90094EA6D /* TemplateList */,
				BFFA945128E55C8300D73AFD /* Setting */,
				BF1A6AE828DE938E0094EA6D /* Common */,
				BFDDC99928D0572D0047F22E /* SceneDelegate.swift */,
				BFDDC99728D0572D0047F22E /* AppDelegate.swift */,
				BFDDC99B28D0572D0047F22E /* ViewController.swift */,
				BFDDC9A028D057300047F22E /* Assets.xcassets */,
				BFDDC9A228D057300047F22E /* LaunchScreen.storyboard */,
				BFDDC9A528D057300047F22E /* Info.plist */,
			);
			path = Checklist_Calendar;
			sourceTree = "<group>";
		};
		BFDDC9B328D059860047F22E /* Home */ = {
			isa = PBXGroup;
			children = (
				BFDDC9B428D059BC0047F22E /* MonthlyViewController.swift */,
				BFDDC9B628D05A3C0047F22E /* MonthlyView.swift */,
				BF7C141028D1F8A100DF1EEE /* MonthlyTableViewCell.swift */,
				BF70765728D6F2DA003506C0 /* MonthlyTableViewHeaderView.swift */,
				BFFDE20128D34BC000090E8A /* MonthlyCollectionViewCell.swift */,
			);
			path = Home;
			sourceTree = "<group>";
		};
		BFDDC9B828D05A5E0047F22E /* Utility */ = {
			isa = PBXGroup;
			children = (
				BFDDC9BA28D05B380047F22E /* BaseViewController.swift */,
				BF0B57DB28D05BE9005A090B /* BaseView.swift */,
				BF0B57DD28D05C38005A090B /* BaseTableViewCell.swift */,
				BFFDE20628D3658C00090E8A /* BaseCollectionViewCell.swift */,
				BFC8110628D55D7100BB0011 /* ReusableProtocol.swift */,
			);
			path = Utility;
			sourceTree = "<group>";
		};
		BFEA3A3628D8576D00003E81 /* Enum */ = {
			isa = PBXGroup;
			children = (
				BFEA3A3728D8579B00003E81 /* DateFormEnum.swift */,
				BF5E552828E46B9A0050594D /* NotiEnum.swift */,
			);
			path = Enum;
			sourceTree = "<group>";
		};
		BFF02C5928D44CE200F0D6AA /* Write */ = {
			isa = PBXGroup;
			children = (
				BFF02C5A28D44D1200F0D6AA /* WriteViewController.swift */,
				BFF02C5C28D45CBC00F0D6AA /* WriteView.swift */,
				BFF02C5E28D462B900F0D6AA /* TitleTableViewCell.swift */,
				BFF02C6028D4633C00F0D6AA /* DateTableViewCell.swift */,
				BFF02C6228D4635800F0D6AA /* TodoTableViewCell.swift */,
				BFEA3A3228D7DC1200003E81 /* CheckListTableViewCell.swift */,
				BF5E552628E4344F0050594D /* NotiTableViewCell.swift */,
			);
			path = Write;
			sourceTree = "<group>";
		};
		BFFA945128E55C8300D73AFD /* Setting */ = {
			isa = PBXGroup;
			children = (
				BFFA945228E55CA200D73AFD /* SettingViewController.swift */,
			);
			path = Setting;
			sourceTree = "<group>";
		};
/* End PBXGroup section */

/* Begin PBXNativeTarget section */
		BFDDC99328D0572D0047F22E /* Checklist_Calendar */ = {
			isa = PBXNativeTarget;
			buildConfigurationList = BFDDC9A828D057300047F22E /* Build configuration list for PBXNativeTarget "Checklist_Calendar" */;
			buildPhases = (
				BFDDC99028D0572D0047F22E /* Sources */,
				BFDDC99128D0572D0047F22E /* Frameworks */,
				BFDDC99228D0572D0047F22E /* Resources */,
			);
			buildRules = (
			);
			dependencies = (
			);
			name = Checklist_Calendar;
			packageProductDependencies = (
				BFDDC9AC28D058950047F22E /* FSCalendar */,
				BFDDC9AF28D059350047F22E /* Realm */,
				BFDDC9B128D059350047F22E /* RealmSwift */,
				BF0B57E028D05F9C005A090B /* SnapKit */,
				BF497F9F28D9E194007D1527 /* Toast */,
				BF1A6AF028DEBF480094EA6D /* IQKeyboardManagerSwift */,
				BFFA945528E571AD00D73AFD /* AcknowList */,
				BFE9DF8528E7F242002684D0 /* Zip */,
			);
			productName = Checklist_Calendar;
			productReference = BFDDC99428D0572D0047F22E /* Checklist_Calendar.app */;
			productType = "com.apple.product-type.application";
		};
/* End PBXNativeTarget section */

/* Begin PBXProject section */
		BFDDC98C28D0572D0047F22E /* Project object */ = {
			isa = PBXProject;
			attributes = {
				BuildIndependentTargetsInParallel = 1;
				LastSwiftUpdateCheck = 1340;
				LastUpgradeCheck = 1340;
				TargetAttributes = {
					BFDDC99328D0572D0047F22E = {
						CreatedOnToolsVersion = 13.4.1;
					};
				};
			};
			buildConfigurationList = BFDDC98F28D0572D0047F22E /* Build configuration list for PBXProject "Checklist_Calendar" */;
			compatibilityVersion = "Xcode 13.0";
			developmentRegion = en;
			hasScannedForEncodings = 0;
			knownRegions = (
				en,
				Base,
			);
			mainGroup = BFDDC98B28D0572D0047F22E;
			packageReferences = (
				BFDDC9AB28D058950047F22E /* XCRemoteSwiftPackageReference "FSCalendar" */,
				BFDDC9AE28D059350047F22E /* XCRemoteSwiftPackageReference "realm-swift" */,
				BF0B57DF28D05F9C005A090B /* XCRemoteSwiftPackageReference "SnapKit" */,
				BF497F9E28D9E194007D1527 /* XCRemoteSwiftPackageReference "Toast-Swift" */,
				BF1A6AEF28DEBF480094EA6D /* XCRemoteSwiftPackageReference "IQKeyboardManager" */,
				BFFA945428E571AD00D73AFD /* XCRemoteSwiftPackageReference "AcknowList" */,
				BFE9DF8428E7F242002684D0 /* XCRemoteSwiftPackageReference "Zip" */,
			);
			productRefGroup = BFDDC99528D0572D0047F22E /* Products */;
			projectDirPath = "";
			projectRoot = "";
			targets = (
				BFDDC99328D0572D0047F22E /* Checklist_Calendar */,
			);
		};
/* End PBXProject section */

/* Begin PBXResourcesBuildPhase section */
		BFDDC99228D0572D0047F22E /* Resources */ = {
			isa = PBXResourcesBuildPhase;
			buildActionMask = 2147483647;
			files = (
				BFDDC9A428D057300047F22E /* LaunchScreen.storyboard in Resources */,
				BFFA945828E5759400D73AFD /* Package.resolved in Resources */,
				BFDDC9A128D057300047F22E /* Assets.xcassets in Resources */,
			);
			runOnlyForDeploymentPostprocessing = 0;
		};
/* End PBXResourcesBuildPhase section */

/* Begin PBXSourcesBuildPhase section */
		BFDDC99028D0572D0047F22E /* Sources */ = {
			isa = PBXSourcesBuildPhase;
			buildActionMask = 2147483647;
			files = (
				BF0B57DE28D05C38005A090B /* BaseTableViewCell.swift in Sources */,
				BFB64C6E28E6D51C00E56CE4 /* EmptyView.swift in Sources */,
				BF55056928DC854F00DF978E /* CkeckListHeaderView.swift in Sources */,
				BFB1052728D3153200D24376 /* Event.swift in Sources */,
				BF1E010528E008E1006D27E5 /* CheckListTableCell.swift in Sources */,
				BFDDC9B528D059BC0047F22E /* MonthlyViewController.swift in Sources */,
				BFF02C6328D4635800F0D6AA /* TodoTableViewCell.swift in Sources */,
				BF1A6AE628DE7BEE0094EA6D /* Template.swift in Sources */,
				BFDDC99C28D0572D0047F22E /* ViewController.swift in Sources */,
				BF1E010728E00F98006D27E5 /* String+Extension.swift in Sources */,
				BF1A6AEA28DE93E20094EA6D /* EmptyCell.swift in Sources */,
				BF8DE754298CE3E9000D7D64 /* CGColor+Extension.swift in Sources */,
				BF5E552528E3B2DB0050594D /* NotificationViewController.swift in Sources */,
				BF55056728DC80F200DF978E /* CheckListViewController.swift in Sources */,
				BFDDC99828D0572D0047F22E /* AppDelegate.swift in Sources */,
				BF1A6AEE28DE985A0094EA6D /* TemplateListTableCell.swift in Sources */,
				BFFDE20728D3658C00090E8A /* BaseCollectionViewCell.swift in Sources */,
				BFDDC99A28D0572D0047F22E /* SceneDelegate.swift in Sources */,
				BFC8110728D55D7100BB0011 /* ReusableProtocol.swift in Sources */,
				BF0B57DC28D05BE9005A090B /* BaseView.swift in Sources */,
				BFEA3A3528D852F500003E81 /* EventRepository.swift in Sources */,
				BFF02C6128D4633C00F0D6AA /* DateTableViewCell.swift in Sources */,
				BFB1052928D31B8F00D24376 /* Todo.swift in Sources */,
				BFDDC9B728D05A3C0047F22E /* MonthlyView.swift in Sources */,
				BFDDC9BB28D05B380047F22E /* BaseViewController.swift in Sources */,
				BF27397C28D3476500441B7F /* UIColor+Extension.swift in Sources */,
				BF5E552928E46B9A0050594D /* NotiEnum.swift in Sources */,
				BF1A6AEC28DE96720094EA6D /* TemplateListViewController.swift in Sources */,
				BFEA3A3828D8579B00003E81 /* DateFormEnum.swift in Sources */,
				BF7C140D28D1B60B00DF1EEE /* Date+Extension.swift in Sources */,
				BF70765828D6F2DA003506C0 /* MonthlyTableViewHeaderView.swift in Sources */,
				BFFDE20228D34BC000090E8A /* MonthlyCollectionViewCell.swift in Sources */,
				BFF02C5B28D44D1200F0D6AA /* WriteViewController.swift in Sources */,
				BFF236A928DED4BB0057FCF7 /* UIImage+Extension.swift in Sources */,
				BF5E552728E4344F0050594D /* NotiTableViewCell.swift in Sources */,
				BF7C141128D1F8A100DF1EEE /* MonthlyTableViewCell.swift in Sources */,
				BFF02C5F28D462B900F0D6AA /* TitleTableViewCell.swift in Sources */,
				BFFA945328E55CA200D73AFD /* SettingViewController.swift in Sources */,
				BFEA3A3328D7DC1200003E81 /* CheckListTableViewCell.swift in Sources */,
				BFF02C5D28D45CBC00F0D6AA /* WriteView.swift in Sources */,
			);
			runOnlyForDeploymentPostprocessing = 0;
		};
/* End PBXSourcesBuildPhase section */

/* Begin PBXVariantGroup section */
		BFDDC9A228D057300047F22E /* LaunchScreen.storyboard */ = {
			isa = PBXVariantGroup;
			children = (
				BFDDC9A328D057300047F22E /* Base */,
			);
			name = LaunchScreen.storyboard;
			sourceTree = "<group>";
		};
/* End PBXVariantGroup section */

/* Begin XCBuildConfiguration section */
		BFDDC9A628D057300047F22E /* Debug */ = {
			isa = XCBuildConfiguration;
			buildSettings = {
				ALWAYS_SEARCH_USER_PATHS = NO;
				CLANG_ANALYZER_NONNULL = YES;
				CLANG_ANALYZER_NUMBER_OBJECT_CONVERSION = YES_AGGRESSIVE;
				CLANG_CXX_LANGUAGE_STANDARD = "gnu++17";
				CLANG_ENABLE_MODULES = YES;
				CLANG_ENABLE_OBJC_ARC = YES;
				CLANG_ENABLE_OBJC_WEAK = YES;
				CLANG_WARN_BLOCK_CAPTURE_AUTORELEASING = YES;
				CLANG_WARN_BOOL_CONVERSION = YES;
				CLANG_WARN_COMMA = YES;
				CLANG_WARN_CONSTANT_CONVERSION = YES;
				CLANG_WARN_DEPRECATED_OBJC_IMPLEMENTATIONS = YES;
				CLANG_WARN_DIRECT_OBJC_ISA_USAGE = YES_ERROR;
				CLANG_WARN_DOCUMENTATION_COMMENTS = YES;
				CLANG_WARN_EMPTY_BODY = YES;
				CLANG_WARN_ENUM_CONVERSION = YES;
				CLANG_WARN_INFINITE_RECURSION = YES;
				CLANG_WARN_INT_CONVERSION = YES;
				CLANG_WARN_NON_LITERAL_NULL_CONVERSION = YES;
				CLANG_WARN_OBJC_IMPLICIT_RETAIN_SELF = YES;
				CLANG_WARN_OBJC_LITERAL_CONVERSION = YES;
				CLANG_WARN_OBJC_ROOT_CLASS = YES_ERROR;
				CLANG_WARN_QUOTED_INCLUDE_IN_FRAMEWORK_HEADER = YES;
				CLANG_WARN_RANGE_LOOP_ANALYSIS = YES;
				CLANG_WARN_STRICT_PROTOTYPES = YES;
				CLANG_WARN_SUSPICIOUS_MOVE = YES;
				CLANG_WARN_UNGUARDED_AVAILABILITY = YES_AGGRESSIVE;
				CLANG_WARN_UNREACHABLE_CODE = YES;
				CLANG_WARN__DUPLICATE_METHOD_MATCH = YES;
				COPY_PHASE_STRIP = NO;
				DEBUG_INFORMATION_FORMAT = dwarf;
				ENABLE_STRICT_OBJC_MSGSEND = YES;
				ENABLE_TESTABILITY = YES;
				GCC_C_LANGUAGE_STANDARD = gnu11;
				GCC_DYNAMIC_NO_PIC = NO;
				GCC_NO_COMMON_BLOCKS = YES;
				GCC_OPTIMIZATION_LEVEL = 0;
				GCC_PREPROCESSOR_DEFINITIONS = (
					"DEBUG=1",
					"$(inherited)",
				);
				GCC_WARN_64_TO_32_BIT_CONVERSION = YES;
				GCC_WARN_ABOUT_RETURN_TYPE = YES_ERROR;
				GCC_WARN_UNDECLARED_SELECTOR = YES;
				GCC_WARN_UNINITIALIZED_AUTOS = YES_AGGRESSIVE;
				GCC_WARN_UNUSED_FUNCTION = YES;
				GCC_WARN_UNUSED_VARIABLE = YES;
				IPHONEOS_DEPLOYMENT_TARGET = 14.0;
				MTL_ENABLE_DEBUG_INFO = INCLUDE_SOURCE;
				MTL_FAST_MATH = YES;
				ONLY_ACTIVE_ARCH = YES;
				SDKROOT = iphoneos;
				SWIFT_ACTIVE_COMPILATION_CONDITIONS = DEBUG;
				SWIFT_OPTIMIZATION_LEVEL = "-Onone";
			};
			name = Debug;
		};
		BFDDC9A728D057300047F22E /* Release */ = {
			isa = XCBuildConfiguration;
			buildSettings = {
				ALWAYS_SEARCH_USER_PATHS = NO;
				CLANG_ANALYZER_NONNULL = YES;
				CLANG_ANALYZER_NUMBER_OBJECT_CONVERSION = YES_AGGRESSIVE;
				CLANG_CXX_LANGUAGE_STANDARD = "gnu++17";
				CLANG_ENABLE_MODULES = YES;
				CLANG_ENABLE_OBJC_ARC = YES;
				CLANG_ENABLE_OBJC_WEAK = YES;
				CLANG_WARN_BLOCK_CAPTURE_AUTORELEASING = YES;
				CLANG_WARN_BOOL_CONVERSION = YES;
				CLANG_WARN_COMMA = YES;
				CLANG_WARN_CONSTANT_CONVERSION = YES;
				CLANG_WARN_DEPRECATED_OBJC_IMPLEMENTATIONS = YES;
				CLANG_WARN_DIRECT_OBJC_ISA_USAGE = YES_ERROR;
				CLANG_WARN_DOCUMENTATION_COMMENTS = YES;
				CLANG_WARN_EMPTY_BODY = YES;
				CLANG_WARN_ENUM_CONVERSION = YES;
				CLANG_WARN_INFINITE_RECURSION = YES;
				CLANG_WARN_INT_CONVERSION = YES;
				CLANG_WARN_NON_LITERAL_NULL_CONVERSION = YES;
				CLANG_WARN_OBJC_IMPLICIT_RETAIN_SELF = YES;
				CLANG_WARN_OBJC_LITERAL_CONVERSION = YES;
				CLANG_WARN_OBJC_ROOT_CLASS = YES_ERROR;
				CLANG_WARN_QUOTED_INCLUDE_IN_FRAMEWORK_HEADER = YES;
				CLANG_WARN_RANGE_LOOP_ANALYSIS = YES;
				CLANG_WARN_STRICT_PROTOTYPES = YES;
				CLANG_WARN_SUSPICIOUS_MOVE = YES;
				CLANG_WARN_UNGUARDED_AVAILABILITY = YES_AGGRESSIVE;
				CLANG_WARN_UNREACHABLE_CODE = YES;
				CLANG_WARN__DUPLICATE_METHOD_MATCH = YES;
				COPY_PHASE_STRIP = NO;
				DEBUG_INFORMATION_FORMAT = "dwarf-with-dsym";
				ENABLE_NS_ASSERTIONS = NO;
				ENABLE_STRICT_OBJC_MSGSEND = YES;
				GCC_C_LANGUAGE_STANDARD = gnu11;
				GCC_NO_COMMON_BLOCKS = YES;
				GCC_WARN_64_TO_32_BIT_CONVERSION = YES;
				GCC_WARN_ABOUT_RETURN_TYPE = YES_ERROR;
				GCC_WARN_UNDECLARED_SELECTOR = YES;
				GCC_WARN_UNINITIALIZED_AUTOS = YES_AGGRESSIVE;
				GCC_WARN_UNUSED_FUNCTION = YES;
				GCC_WARN_UNUSED_VARIABLE = YES;
				IPHONEOS_DEPLOYMENT_TARGET = 14.0;
				MTL_ENABLE_DEBUG_INFO = NO;
				MTL_FAST_MATH = YES;
				SDKROOT = iphoneos;
				SWIFT_COMPILATION_MODE = wholemodule;
				SWIFT_OPTIMIZATION_LEVEL = "-O";
				VALIDATE_PRODUCT = YES;
			};
			name = Release;
		};
		BFDDC9A928D057300047F22E /* Debug */ = {
			isa = XCBuildConfiguration;
			buildSettings = {
				ASSETCATALOG_COMPILER_APPICON_NAME = AppIcon;
				ASSETCATALOG_COMPILER_GLOBAL_ACCENT_COLOR_NAME = AccentColor;
				CODE_SIGN_STYLE = Automatic;
				CURRENT_PROJECT_VERSION = 1;
				DEVELOPMENT_TEAM = 5534Y3FYT7;
				GENERATE_INFOPLIST_FILE = YES;
				INFOPLIST_FILE = Checklist_Calendar/Info.plist;
				INFOPLIST_KEY_CFBundleDisplayName = CherryCal;
				INFOPLIST_KEY_UIApplicationSupportsIndirectInputEvents = YES;
				INFOPLIST_KEY_UILaunchStoryboardName = LaunchScreen;
				INFOPLIST_KEY_UISupportedInterfaceOrientations = "UIInterfaceOrientationPortrait UIInterfaceOrientationLandscapeLeft UIInterfaceOrientationLandscapeRight";
				INFOPLIST_KEY_UISupportedInterfaceOrientations_iPad = "UIInterfaceOrientationLandscapeLeft UIInterfaceOrientationLandscapeRight UIInterfaceOrientationPortraitUpsideDown UIInterfaceOrientationPortrait";
				INFOPLIST_KEY_UISupportedInterfaceOrientations_iPhone = "UIInterfaceOrientationPortrait UIInterfaceOrientationLandscapeLeft UIInterfaceOrientationLandscapeRight";
				IPHONEOS_DEPLOYMENT_TARGET = 14.0;
				LD_RUNPATH_SEARCH_PATHS = (
					"$(inherited)",
					"@executable_path/Frameworks",
				);
				MARKETING_VERSION = 1.2.4;
				PRODUCT_BUNDLE_IDENTIFIER = "com.sanhan.Checklist-Calendar";
				PRODUCT_NAME = "$(TARGET_NAME)";
				SWIFT_EMIT_LOC_STRINGS = YES;
				SWIFT_VERSION = 5.0;
				TARGETED_DEVICE_FAMILY = 1;
			};
			name = Debug;
		};
		BFDDC9AA28D057300047F22E /* Release */ = {
			isa = XCBuildConfiguration;
			buildSettings = {
				ASSETCATALOG_COMPILER_APPICON_NAME = AppIcon;
				ASSETCATALOG_COMPILER_GLOBAL_ACCENT_COLOR_NAME = AccentColor;
				CODE_SIGN_STYLE = Automatic;
				CURRENT_PROJECT_VERSION = 1;
				DEVELOPMENT_TEAM = 5534Y3FYT7;
				GENERATE_INFOPLIST_FILE = YES;
				INFOPLIST_FILE = Checklist_Calendar/Info.plist;
				INFOPLIST_KEY_CFBundleDisplayName = CherryCal;
				INFOPLIST_KEY_UIApplicationSupportsIndirectInputEvents = YES;
				INFOPLIST_KEY_UILaunchStoryboardName = LaunchScreen;
				INFOPLIST_KEY_UISupportedInterfaceOrientations = "UIInterfaceOrientationPortrait UIInterfaceOrientationLandscapeLeft UIInterfaceOrientationLandscapeRight";
				INFOPLIST_KEY_UISupportedInterfaceOrientations_iPad = "UIInterfaceOrientationLandscapeLeft UIInterfaceOrientationLandscapeRight UIInterfaceOrientationPortraitUpsideDown UIInterfaceOrientationPortrait";
				INFOPLIST_KEY_UISupportedInterfaceOrientations_iPhone = "UIInterfaceOrientationPortrait UIInterfaceOrientationLandscapeLeft UIInterfaceOrientationLandscapeRight";
				IPHONEOS_DEPLOYMENT_TARGET = 14.0;
				LD_RUNPATH_SEARCH_PATHS = (
					"$(inherited)",
					"@executable_path/Frameworks",
				);
				MARKETING_VERSION = 1.2.4;
				PRODUCT_BUNDLE_IDENTIFIER = "com.sanhan.Checklist-Calendar";
				PRODUCT_NAME = "$(TARGET_NAME)";
				SWIFT_EMIT_LOC_STRINGS = YES;
				SWIFT_VERSION = 5.0;
				TARGETED_DEVICE_FAMILY = 1;
			};
			name = Release;
		};
/* End XCBuildConfiguration section */

/* Begin XCConfigurationList section */
		BFDDC98F28D0572D0047F22E /* Build configuration list for PBXProject "Checklist_Calendar" */ = {
			isa = XCConfigurationList;
			buildConfigurations = (
				BFDDC9A628D057300047F22E /* Debug */,
				BFDDC9A728D057300047F22E /* Release */,
			);
			defaultConfigurationIsVisible = 0;
			defaultConfigurationName = Release;
		};
		BFDDC9A828D057300047F22E /* Build configuration list for PBXNativeTarget "Checklist_Calendar" */ = {
			isa = XCConfigurationList;
			buildConfigurations = (
				BFDDC9A928D057300047F22E /* Debug */,
				BFDDC9AA28D057300047F22E /* Release */,
			);
			defaultConfigurationIsVisible = 0;
			defaultConfigurationName = Release;
		};
/* End XCConfigurationList section */

/* Begin XCRemoteSwiftPackageReference section */
		BF0B57DF28D05F9C005A090B /* XCRemoteSwiftPackageReference "SnapKit" */ = {
			isa = XCRemoteSwiftPackageReference;
			repositoryURL = "https://github.com/SnapKit/SnapKit.git";
			requirement = {
				kind = upToNextMajorVersion;
				minimumVersion = 5.0.0;
			};
		};
		BF1A6AEF28DEBF480094EA6D /* XCRemoteSwiftPackageReference "IQKeyboardManager" */ = {
			isa = XCRemoteSwiftPackageReference;
			repositoryURL = "https://github.com/hackiftekhar/IQKeyboardManager";
			requirement = {
				kind = upToNextMajorVersion;
				minimumVersion = 6.5.0;
			};
		};
		BF497F9E28D9E194007D1527 /* XCRemoteSwiftPackageReference "Toast-Swift" */ = {
			isa = XCRemoteSwiftPackageReference;
			repositoryURL = "https://github.com/scalessec/Toast-Swift.git";
			requirement = {
				kind = upToNextMajorVersion;
				minimumVersion = 5.0.0;
			};
		};
		BFDDC9AB28D058950047F22E /* XCRemoteSwiftPackageReference "FSCalendar" */ = {
			isa = XCRemoteSwiftPackageReference;
			repositoryURL = "https://github.com/WenchaoD/FSCalendar.git";
			requirement = {
				kind = upToNextMajorVersion;
				minimumVersion = 2.0.0;
			};
		};
		BFDDC9AE28D059350047F22E /* XCRemoteSwiftPackageReference "realm-swift" */ = {
			isa = XCRemoteSwiftPackageReference;
			repositoryURL = "https://github.com/realm/realm-swift.git";
			requirement = {
				kind = upToNextMajorVersion;
				minimumVersion = 10.0.0;
			};
		};
		BFE9DF8428E7F242002684D0 /* XCRemoteSwiftPackageReference "Zip" */ = {
			isa = XCRemoteSwiftPackageReference;
			repositoryURL = "https://github.com/marmelroy/Zip.git";
			requirement = {
				kind = upToNextMajorVersion;
				minimumVersion = 2.0.0;
			};
		};
		BFFA945428E571AD00D73AFD /* XCRemoteSwiftPackageReference "AcknowList" */ = {
			isa = XCRemoteSwiftPackageReference;
			repositoryURL = "https://github.com/vtourraine/AcknowList";
			requirement = {
				kind = upToNextMajorVersion;
				minimumVersion = 3.0.0;
			};
		};
/* End XCRemoteSwiftPackageReference section */

/* Begin XCSwiftPackageProductDependency section */
		BF0B57E028D05F9C005A090B /* SnapKit */ = {
			isa = XCSwiftPackageProductDependency;
			package = BF0B57DF28D05F9C005A090B /* XCRemoteSwiftPackageReference "SnapKit" */;
			productName = SnapKit;
		};
		BF1A6AF028DEBF480094EA6D /* IQKeyboardManagerSwift */ = {
			isa = XCSwiftPackageProductDependency;
			package = BF1A6AEF28DEBF480094EA6D /* XCRemoteSwiftPackageReference "IQKeyboardManager" */;
			productName = IQKeyboardManagerSwift;
		};
		BF497F9F28D9E194007D1527 /* Toast */ = {
			isa = XCSwiftPackageProductDependency;
			package = BF497F9E28D9E194007D1527 /* XCRemoteSwiftPackageReference "Toast-Swift" */;
			productName = Toast;
		};
		BFDDC9AC28D058950047F22E /* FSCalendar */ = {
			isa = XCSwiftPackageProductDependency;
			package = BFDDC9AB28D058950047F22E /* XCRemoteSwiftPackageReference "FSCalendar" */;
			productName = FSCalendar;
		};
		BFDDC9AF28D059350047F22E /* Realm */ = {
			isa = XCSwiftPackageProductDependency;
			package = BFDDC9AE28D059350047F22E /* XCRemoteSwiftPackageReference "realm-swift" */;
			productName = Realm;
		};
		BFDDC9B128D059350047F22E /* RealmSwift */ = {
			isa = XCSwiftPackageProductDependency;
			package = BFDDC9AE28D059350047F22E /* XCRemoteSwiftPackageReference "realm-swift" */;
			productName = RealmSwift;
		};
		BFE9DF8528E7F242002684D0 /* Zip */ = {
			isa = XCSwiftPackageProductDependency;
			package = BFE9DF8428E7F242002684D0 /* XCRemoteSwiftPackageReference "Zip" */;
			productName = Zip;
		};
		BFFA945528E571AD00D73AFD /* AcknowList */ = {
			isa = XCSwiftPackageProductDependency;
			package = BFFA945428E571AD00D73AFD /* XCRemoteSwiftPackageReference "AcknowList" */;
			productName = AcknowList;
		};
/* End XCSwiftPackageProductDependency section */
	};
	rootObject = BFDDC98C28D0572D0047F22E /* Project object */;
}
